{
  "nodes": {
    "nixpkgs": {
      "locked": {
        "lastModified": 1709289184,
        "narHash": "sha256-1949O+iQZ4/+xgqfKe48uFcmDTfeWB3p87ys0+faO6I=",
        "owner": "dvdjv",
        "repo": "nixpkgs",
        "rev": "58f570a5f79f15f4ac60beb8e9f79e308a7c5b89",
        "type": "github"
      },
      "original": {
        "owner": "dvdjv",
        "ref": "runtime-devtree-overlays",
        "repo": "nixpkgs",
        "type": "github"
      }
    },
    "nixpkgs-23_11": {
      "locked": {
        "lastModified": 1709309926,
        "narHash": "sha256-VZFBtXGVD9LWTecGi6eXrE0hJ/mVB3zGUlHImUs2Qak=",
        "owner": "NixOS",
        "repo": "nixpkgs",
        "rev": "79baff8812a0d68e24a836df0a364c678089e2c7",
        "type": "github"
      },
      "original": {
        "owner": "NixOS",
        "ref": "nixos-23.11",
        "repo": "nixpkgs",
        "type": "github"
      }
    },
    "root": {
      "inputs": {
        "nixpkgs": "nixpkgs",
        "nixpkgs-23_11": "nixpkgs-23_11"
      }
    }
  },
  "root": "root",
  "version": 7
}
